
Microsoft Visual Studio Solution File, Format Version 12.00
# Visual Studio Version 16
VisualStudioVersion = 16.0.30406.217
MinimumVisualStudioVersion = 10.0.40219.1
Project("{FAE04EC0-301F-11D3-BF4B-00C04F79EFBC}") = "WorkerAntX.UWP", "WorkerAntX\WorkerAntX.UWP\WorkerAntX.UWP.csproj", "{1274FFB7-0843-4CA7-A35A-42565E298288}"
EndProject
Project("{FAE04EC0-301F-11D3-BF4B-00C04F79EFBC}") = "WorkerAntX.Android", "WorkerAntX\WorkerAntX.Android\WorkerAntX.Android.csproj", "{105321D7-206C-487D-8427-2B712ACE3CF5}"
EndProject
Project("{FAE04EC0-301F-11D3-BF4B-00C04F79EFBC}") = "WorkerAntX.iOS", "WorkerAntX\WorkerAntX.iOS\WorkerAntX.iOS.csproj", "{85DCF78D-64B1-4213-8A34-96BD77E4A402}"
EndProject
Project("{9A19103F-16F7-4668-BE54-9A1E7A4F7556}") = "WorkerAntX", "WorkerAntX\WorkerAntX\WorkerAntX.csproj", "{98219B48-585C-4F68-9EDA-66B5919F704B}"
EndProject
Project("{FAE04EC0-301F-11D3-BF4B-00C04F79EFBC}") = "WorkerAntX.GTK", "WorkerAntX\WorkerAntX.GTK\WorkerAntX.GTK.csproj", "{041AB464-BABD-453A-88A6-97A33238129F}"
EndProject
Project("{FAE04EC0-301F-11D3-BF4B-00C04F79EFBC}") = "WorkerAntX.Library", "WorkerAntX\WorkerAntX.Library\WorkerAntX.Library.csproj", "{061162DE-A80F-470B-A34A-FFFE67C9AD01}"
EndProject
Global
	GlobalSection(SolutionConfigurationPlatforms) = preSolution
		Debug|Any CPU = Debug|Any CPU
		Debug|ARM = Debug|ARM
		Debug|iPhone = Debug|iPhone
		Debug|iPhoneSimulator = Debug|iPhoneSimulator
		Debug|x64 = Debug|x64
		Debug|x86 = Debug|x86
		Release|Any CPU = Release|Any CPU
		Release|ARM = Release|ARM
		Release|iPhone = Release|iPhone
		Release|iPhoneSimulator = Release|iPhoneSimulator
		Release|x64 = Release|x64
		Release|x86 = Release|x86
	EndGlobalSection
	GlobalSection(ProjectConfigurationPlatforms) = postSolution
		{1274FFB7-0843-4CA7-A35A-42565E298288}.Debug|Any CPU.ActiveCfg = Debug|x86
		{1274FFB7-0843-4CA7-A35A-42565E298288}.Debug|Any CPU.Build.0 = Debug|x86
		{1274FFB7-0843-4CA7-A35A-42565E298288}.Debug|Any CPU.Deploy.0 = Debug|x86
		{1274FFB7-0843-4CA7-A35A-42565E298288}.Debug|ARM.ActiveCfg = Debug|ARM
		{1274FFB7-0843-4CA7-A35A-42565E298288}.Debug|ARM.Build.0 = Debug|ARM
		{1274FFB7-0843-4CA7-A35A-42565E298288}.Debug|ARM.Deploy.0 = Debug|ARM
		{1274FFB7-0843-4CA7-A35A-42565E298288}.Debug|iPhone.ActiveCfg = Debug|x86
		{1274FFB7-0843-4CA7-A35A-42565E298288}.Debug|iPhone.Build.0 = Debug|x86
		{1274FFB7-0843-4CA7-A35A-42565E298288}.Debug|iPhone.Deploy.0 = Debug|x86
		{1274FFB7-0843-4CA7-A35A-42565E298288}.Debug|iPhoneSimulator.ActiveCfg = Debug|x86
		{1274FFB7-0843-4CA7-A35A-42565E298288}.Debug|iPhoneSimulator.Build.0 = Debug|x86
		{1274FFB7-0843-4CA7-A35A-42565E298288}.Debug|iPhoneSimulator.Deploy.0 = Debug|x86
		{1274FFB7-0843-4CA7-A35A-42565E298288}.Debug|x64.ActiveCfg = Debug|x64
		{1274FFB7-0843-4CA7-A35A-42565E298288}.Debug|x64.Build.0 = Debug|x64
		{1274FFB7-0843-4CA7-A35A-42565E298288}.Debug|x64.Deploy.0 = Debug|x64
		{1274FFB7-0843-4CA7-A35A-42565E298288}.Debug|x86.ActiveCfg = Debug|x86
		{1274FFB7-0843-4CA7-A35A-42565E298288}.Debug|x86.Build.0 = Debug|x86
		{1274FFB7-0843-4CA7-A35A-42565E298288}.Debug|x86.Deploy.0 = Debug|x86
		{1274FFB7-0843-4CA7-A35A-42565E298288}.Release|Any CPU.ActiveCfg = Release|x86
		{1274FFB7-0843-4CA7-A35A-42565E298288}.Release|Any CPU.Build.0 = Release|x86
		{1274FFB7-0843-4CA7-A35A-42565E298288}.Release|Any CPU.Deploy.0 = Release|x86
		{1274FFB7-0843-4CA7-A35A-42565E298288}.Release|ARM.ActiveCfg = Release|ARM
		{1274FFB7-0843-4CA7-A35A-42565E298288}.Release|ARM.Build.0 = Release|ARM
		{1274FFB7-0843-4CA7-A35A-42565E298288}.Release|ARM.Deploy.0 = Release|ARM
		{1274FFB7-0843-4CA7-A35A-42565E298288}.Release|iPhone.ActiveCfg = Release|x86
		{1274FFB7-0843-4CA7-A35A-42565E298288}.Release|iPhone.Build.0 = Release|x86
		{1274FFB7-0843-4CA7-A35A-42565E298288}.Release|iPhone.Deploy.0 = Release|x86
		{1274FFB7-0843-4CA7-A35A-42565E298288}.Release|iPhoneSimulator.ActiveCfg = Release|x86
		{1274FFB7-0843-4CA7-A35A-42565E298288}.Release|iPhoneSimulator.Build.0 = Release|x86
		{1274FFB7-0843-4CA7-A35A-42565E298288}.Release|iPhoneSimulator.Deploy.0 = Release|x86
		{1274FFB7-0843-4CA7-A35A-42565E298288}.Release|x64.ActiveCfg = Release|x64
		{1274FFB7-0843-4CA7-A35A-42565E298288}.Release|x64.Build.0 = Release|x64
		{1274FFB7-0843-4CA7-A35A-42565E298288}.Release|x64.Deploy.0 = Release|x64
		{1274FFB7-0843-4CA7-A35A-42565E298288}.Release|x86.ActiveCfg = Release|x86
		{1274FFB7-0843-4CA7-A35A-42565E298288}.Release|x86.Build.0 = Release|x86
		{1274FFB7-0843-4CA7-A35A-42565E298288}.Release|x86.Deploy.0 = Release|x86
		{105321D7-206C-487D-8427-2B712ACE3CF5}.Debug|Any CPU.ActiveCfg = Debug|Any CPU
		{105321D7-206C-487D-8427-2B712ACE3CF5}.Debug|Any CPU.Build.0 = Debug|Any CPU
		{105321D7-206C-487D-8427-2B712ACE3CF5}.Debug|Any CPU.Deploy.0 = Debug|Any CPU
		{105321D7-206C-487D-8427-2B712ACE3CF5}.Debug|ARM.ActiveCfg = Debug|Any CPU
		{105321D7-206C-487D-8427-2B712ACE3CF5}.Debug|ARM.Build.0 = Debug|Any CPU
		{105321D7-206C-487D-8427-2B712ACE3CF5}.Debug|ARM.Deploy.0 = Debug|Any CPU
		{105321D7-206C-487D-8427-2B712ACE3CF5}.Debug|iPhone.ActiveCfg = Debug|Any CPU
		{105321D7-206C-487D-8427-2B712ACE3CF5}.Debug|iPhone.Build.0 = Debug|Any CPU
		{105321D7-206C-487D-8427-2B712ACE3CF5}.Debug|iPhone.Deploy.0 = Debug|Any CPU
		{105321D7-206C-487D-8427-2B712ACE3CF5}.Debug|iPhoneSimulator.ActiveCfg = Debug|Any CPU
		{105321D7-206C-487D-8427-2B712ACE3CF5}.Debug|iPhoneSimulator.Build.0 = Debug|Any CPU
		{105321D7-206C-487D-8427-2B712ACE3CF5}.Debug|iPhoneSimulator.Deploy.0 = Debug|Any CPU
		{105321D7-206C-487D-8427-2B712ACE3CF5}.Debug|x64.ActiveCfg = Debug|Any CPU
		{105321D7-206C-487D-8427-2B712ACE3CF5}.Debug|x64.Build.0 = Debug|Any CPU
		{105321D7-206C-487D-8427-2B712ACE3CF5}.Debug|x64.Deploy.0 = Debug|Any CPU
		{105321D7-206C-487D-8427-2B712ACE3CF5}.Debug|x86.ActiveCfg = Debug|Any CPU
		{105321D7-206C-487D-8427-2B712ACE3CF5}.Debug|x86.Build.0 = Debug|Any CPU
		{105321D7-206C-487D-8427-2B712ACE3CF5}.Debug|x86.Deploy.0 = Debug|Any CPU
		{105321D7-206C-487D-8427-2B712ACE3CF5}.Release|Any CPU.ActiveCfg = Release|Any CPU
		{105321D7-206C-487D-8427-2B712ACE3CF5}.Release|Any CPU.Build.0 = Release|Any CPU
		{105321D7-206C-487D-8427-2B712ACE3CF5}.Release|Any CPU.Deploy.0 = Release|Any CPU
		{105321D7-206C-487D-8427-2B712ACE3CF5}.Release|ARM.ActiveCfg = Release|Any CPU
		{105321D7-206C-487D-8427-2B712ACE3CF5}.Release|ARM.Build.0 = Release|Any CPU
		{105321D7-206C-487D-8427-2B712ACE3CF5}.Release|ARM.Deploy.0 = Release|Any CPU
		{105321D7-206C-487D-8427-2B712ACE3CF5}.Release|iPhone.ActiveCfg = Release|Any CPU
		{105321D7-206C-487D-8427-2B712ACE3CF5}.Release|iPhone.Build.0 = Release|Any CPU
		{105321D7-206C-487D-8427-2B712ACE3CF5}.Release|iPhone.Deploy.0 = Release|Any CPU
		{105321D7-206C-487D-8427-2B712ACE3CF5}.Release|iPhoneSimulator.ActiveCfg = Release|Any CPU
		{105321D7-206C-487D-8427-2B712ACE3CF5}.Release|iPhoneSimulator.Build.0 = Release|Any CPU
		{105321D7-206C-487D-8427-2B712ACE3CF5}.Release|iPhoneSimulator.Deploy.0 = Release|Any CPU
		{105321D7-206C-487D-8427-2B712ACE3CF5}.Release|x64.ActiveCfg = Release|Any CPU
		{105321D7-206C-487D-8427-2B712ACE3CF5}.Release|x64.Build.0 = Release|Any CPU
		{105321D7-206C-487D-8427-2B712ACE3CF5}.Release|x64.Deploy.0 = Release|Any CPU
		{105321D7-206C-487D-8427-2B712ACE3CF5}.Release|x86.ActiveCfg = Release|Any CPU
		{105321D7-206C-487D-8427-2B712ACE3CF5}.Release|x86.Build.0 = Release|Any CPU
		{105321D7-206C-487D-8427-2B712ACE3CF5}.Release|x86.Deploy.0 = Release|Any CPU
		{85DCF78D-64B1-4213-8A34-96BD77E4A402}.Debug|Any CPU.ActiveCfg = Debug|iPhone
		{85DCF78D-64B1-4213-8A34-96BD77E4A402}.Debug|Any CPU.Build.0 = Debug|iPhone
		{85DCF78D-64B1-4213-8A34-96BD77E4A402}.Debug|Any CPU.Deploy.0 = Debug|iPhone
		{85DCF78D-64B1-4213-8A34-96BD77E4A402}.Debug|ARM.ActiveCfg = Debug|iPhone
		{85DCF78D-64B1-4213-8A34-96BD77E4A402}.Debug|ARM.Build.0 = Debug|iPhone
		{85DCF78D-64B1-4213-8A34-96BD77E4A402}.Debug|ARM.Deploy.0 = Debug|iPhone
		{85DCF78D-64B1-4213-8A34-96BD77E4A402}.Debug|iPhone.ActiveCfg = Debug|iPhone
		{85DCF78D-64B1-4213-8A34-96BD77E4A402}.Debug|iPhone.Build.0 = Debug|iPhone
		{85DCF78D-64B1-4213-8A34-96BD77E4A402}.Debug|iPhone.Deploy.0 = Debug|iPhone
		{85DCF78D-64B1-4213-8A34-96BD77E4A402}.Debug|iPhoneSimulator.ActiveCfg = Debug|iPhoneSimulator
		{85DCF78D-64B1-4213-8A34-96BD77E4A402}.Debug|iPhoneSimulator.Build.0 = Debug|iPhoneSimulator
		{85DCF78D-64B1-4213-8A34-96BD77E4A402}.Debug|iPhoneSimulator.Deploy.0 = Debug|iPhoneSimulator
		{85DCF78D-64B1-4213-8A34-96BD77E4A402}.Debug|x64.ActiveCfg = Debug|iPhone
		{85DCF78D-64B1-4213-8A34-96BD77E4A402}.Debug|x64.Build.0 = Debug|iPhone
		{85DCF78D-64B1-4213-8A34-96BD77E4A402}.Debug|x64.Deploy.0 = Debug|iPhone
		{85DCF78D-64B1-4213-8A34-96BD77E4A402}.Debug|x86.ActiveCfg = Debug|iPhone
		{85DCF78D-64B1-4213-8A34-96BD77E4A402}.Debug|x86.Build.0 = Debug|iPhone
		{85DCF78D-64B1-4213-8A34-96BD77E4A402}.Debug|x86.Deploy.0 = Debug|iPhone
		{85DCF78D-64B1-4213-8A34-96BD77E4A402}.Release|Any CPU.ActiveCfg = Release|iPhone
		{85DCF78D-64B1-4213-8A34-96BD77E4A402}.Release|Any CPU.Build.0 = Release|iPhone
		{85DCF78D-64B1-4213-8A34-96BD77E4A402}.Release|Any CPU.Deploy.0 = Release|iPhone
		{85DCF78D-64B1-4213-8A34-96BD77E4A402}.Release|ARM.ActiveCfg = Release|iPhone
		{85DCF78D-64B1-4213-8A34-96BD77E4A402}.Release|ARM.Build.0 = Release|iPhone
		{85DCF78D-64B1-4213-8A34-96BD77E4A402}.Release|ARM.Deploy.0 = Release|iPhone
		{85DCF78D-64B1-4213-8A34-96BD77E4A402}.Release|iPhone.ActiveCfg = Release|iPhone
		{85DCF78D-64B1-4213-8A34-96BD77E4A402}.Release|iPhone.Build.0 = Release|iPhone
		{85DCF78D-64B1-4213-8A34-96BD77E4A402}.Release|iPhone.Deploy.0 = Release|iPhone
		{85DCF78D-64B1-4213-8A34-96BD77E4A402}.Release|iPhoneSimulator.ActiveCfg = Release|iPhoneSimulator
		{85DCF78D-64B1-4213-8A34-96BD77E4A402}.Release|iPhoneSimulator.Build.0 = Release|iPhoneSimulator
		{85DCF78D-64B1-4213-8A34-96BD77E4A402}.Release|iPhoneSimulator.Deploy.0 = Release|iPhoneSimulator
		{85DCF78D-64B1-4213-8A34-96BD77E4A402}.Release|x64.ActiveCfg = Release|iPhone
		{85DCF78D-64B1-4213-8A34-96BD77E4A402}.Release|x64.Build.0 = Release|iPhone
		{85DCF78D-64B1-4213-8A34-96BD77E4A402}.Release|x64.Deploy.0 = Release|iPhone
		{85DCF78D-64B1-4213-8A34-96BD77E4A402}.Release|x86.ActiveCfg = Release|iPhone
		{85DCF78D-64B1-4213-8A34-96BD77E4A402}.Release|x86.Build.0 = Release|iPhone
		{85DCF78D-64B1-4213-8A34-96BD77E4A402}.Release|x86.Deploy.0 = Release|iPhone
		{98219B48-585C-4F68-9EDA-66B5919F704B}.Debug|Any CPU.ActiveCfg = Debug|Any CPU
		{98219B48-585C-4F68-9EDA-66B5919F704B}.Debug|Any CPU.Build.0 = Debug|Any CPU
		{98219B48-585C-4F68-9EDA-66B5919F704B}.Debug|Any CPU.Deploy.0 = Debug|Any CPU
		{98219B48-585C-4F68-9EDA-66B5919F704B}.Debug|ARM.ActiveCfg = Debug|Any CPU
		{98219B48-585C-4F68-9EDA-66B5919F704B}.Debug|ARM.Build.0 = Debug|Any CPU
		{98219B48-585C-4F68-9EDA-66B5919F704B}.Debug|ARM.Deploy.0 = Debug|Any CPU
		{98219B48-585C-4F68-9EDA-66B5919F704B}.Debug|iPhone.ActiveCfg = Debug|Any CPU
		{98219B48-585C-4F68-9EDA-66B5919F704B}.Debug|iPhone.Build.0 = Debug|Any CPU
		{98219B48-585C-4F68-9EDA-66B5919F704B}.Debug|iPhone.Deploy.0 = Debug|Any CPU
		{98219B48-585C-4F68-9EDA-66B5919F704B}.Debug|iPhoneSimulator.ActiveCfg = Debug|Any CPU
		{98219B48-585C-4F68-9EDA-66B5919F704B}.Debug|iPhoneSimulator.Build.0 = Debug|Any CPU
		{98219B48-585C-4F68-9EDA-66B5919F704B}.Debug|iPhoneSimulator.Deploy.0 = Debug|Any CPU
		{98219B48-585C-4F68-9EDA-66B5919F704B}.Debug|x64.ActiveCfg = Debug|Any CPU
		{98219B48-585C-4F68-9EDA-66B5919F704B}.Debug|x64.Build.0 = Debug|Any CPU
		{98219B48-585C-4F68-9EDA-66B5919F704B}.Debug|x64.Deploy.0 = Debug|Any CPU
		{98219B48-585C-4F68-9EDA-66B5919F704B}.Debug|x86.ActiveCfg = Debug|Any CPU
		{98219B48-585C-4F68-9EDA-66B5919F704B}.Debug|x86.Build.0 = Debug|Any CPU
		{98219B48-585C-4F68-9EDA-66B5919F704B}.Debug|x86.Deploy.0 = Debug|Any CPU
		{98219B48-585C-4F68-9EDA-66B5919F704B}.Release|Any CPU.ActiveCfg = Release|Any CPU
		{98219B48-585C-4F68-9EDA-66B5919F704B}.Release|Any CPU.Build.0 = Release|Any CPU
		{98219B48-585C-4F68-9EDA-66B5919F704B}.Release|Any CPU.Deploy.0 = Release|Any CPU
		{98219B48-585C-4F68-9EDA-66B5919F704B}.Release|ARM.ActiveCfg = Release|Any CPU
		{98219B48-585C-4F68-9EDA-66B5919F704B}.Release|ARM.Build.0 = Release|Any CPU
		{98219B48-585C-4F68-9EDA-66B5919F704B}.Release|ARM.Deploy.0 = Release|Any CPU
		{98219B48-585C-4F68-9EDA-66B5919F704B}.Release|iPhone.ActiveCfg = Release|Any CPU
		{98219B48-585C-4F68-9EDA-66B5919F704B}.Release|iPhone.Build.0 = Release|Any CPU
		{98219B48-585C-4F68-9EDA-66B5919F704B}.Release|iPhone.Deploy.0 = Release|Any CPU
		{98219B48-585C-4F68-9EDA-66B5919F704B}.Release|iPhoneSimulator.ActiveCfg = Release|Any CPU
		{98219B48-585C-4F68-9EDA-66B5919F704B}.Release|iPhoneSimulator.Build.0 = Release|Any CPU
		{98219B48-585C-4F68-9EDA-66B5919F704B}.Release|iPhoneSimulator.Deploy.0 = Release|Any CPU
		{98219B48-585C-4F68-9EDA-66B5919F704B}.Release|x64.ActiveCfg = Release|Any CPU
		{98219B48-585C-4F68-9EDA-66B5919F704B}.Release|x64.Build.0 = Release|Any CPU
		{98219B48-585C-4F68-9EDA-66B5919F704B}.Release|x64.Deploy.0 = Release|Any CPU
		{98219B48-585C-4F68-9EDA-66B5919F704B}.Release|x86.ActiveCfg = Release|Any CPU
		{98219B48-585C-4F68-9EDA-66B5919F704B}.Release|x86.Build.0 = Release|Any CPU
		{98219B48-585C-4F68-9EDA-66B5919F704B}.Release|x86.Deploy.0 = Release|Any CPU
		{041AB464-BABD-453A-88A6-97A33238129F}.Debug|Any CPU.ActiveCfg = Debug|Any CPU
		{041AB464-BABD-453A-88A6-97A33238129F}.Debug|Any CPU.Build.0 = Debug|Any CPU
		{041AB464-BABD-453A-88A6-97A33238129F}.Debug|ARM.ActiveCfg = Debug|Any CPU
		{041AB464-BABD-453A-88A6-97A33238129F}.Debug|ARM.Build.0 = Debug|Any CPU
		{041AB464-BABD-453A-88A6-97A33238129F}.Debug|iPhone.ActiveCfg = Debug|Any CPU
		{041AB464-BABD-453A-88A6-97A33238129F}.Debug|iPhone.Build.0 = Debug|Any CPU
		{041AB464-BABD-453A-88A6-97A33238129F}.Debug|iPhoneSimulator.ActiveCfg = Debug|Any CPU
		{041AB464-BABD-453A-88A6-97A33238129F}.Debug|iPhoneSimulator.Build.0 = Debug|Any CPU
		{041AB464-BABD-453A-88A6-97A33238129F}.Debug|x64.ActiveCfg = Debug|Any CPU
		{041AB464-BABD-453A-88A6-97A33238129F}.Debug|x64.Build.0 = Debug|Any CPU
		{041AB464-BABD-453A-88A6-97A33238129F}.Debug|x86.ActiveCfg = Debug|Any CPU
		{041AB464-BABD-453A-88A6-97A33238129F}.Release|Any CPU.ActiveCfg = Release|Any CPU
		{041AB464-BABD-453A-88A6-97A33238129F}.Release|Any CPU.Build.0 = Release|Any CPU
		{041AB464-BABD-453A-88A6-97A33238129F}.Release|ARM.ActiveCfg = Release|Any CPU
		{041AB464-BABD-453A-88A6-97A33238129F}.Release|ARM.Build.0 = Release|Any CPU
		{041AB464-BABD-453A-88A6-97A33238129F}.Release|iPhone.ActiveCfg = Release|Any CPU
		{041AB464-BABD-453A-88A6-97A33238129F}.Release|iPhone.Build.0 = Release|Any CPU
		{041AB464-BABD-453A-88A6-97A33238129F}.Release|iPhoneSimulator.ActiveCfg = Release|Any CPU
		{041AB464-BABD-453A-88A6-97A33238129F}.Release|iPhoneSimulator.Build.0 = Release|Any CPU
		{041AB464-BABD-453A-88A6-97A33238129F}.Release|x64.ActiveCfg = Release|Any CPU
		{041AB464-BABD-453A-88A6-97A33238129F}.Release|x64.Build.0 = Release|Any CPU
		{041AB464-BABD-453A-88A6-97A33238129F}.Release|x86.ActiveCfg = Release|Any CPU
		{041AB464-BABD-453A-88A6-97A33238129F}.Release|x86.Build.0 = Release|Any CPU
		{061162DE-A80F-470B-A34A-FFFE67C9AD01}.Debug|Any CPU.ActiveCfg = Debug|Any CPU
		{061162DE-A80F-470B-A34A-FFFE67C9AD01}.Debug|Any CPU.Build.0 = Debug|Any CPU
		{061162DE-A80F-470B-A34A-FFFE67C9AD01}.Debug|ARM.ActiveCfg = Debug|Any CPU
		{061162DE-A80F-470B-A34A-FFFE67C9AD01}.Debug|ARM.Build.0 = Debug|Any CPU
		{061162DE-A80F-470B-A34A-FFFE67C9AD01}.Debug|iPhone.ActiveCfg = Debug|Any CPU
		{061162DE-A80F-470B-A34A-FFFE67C9AD01}.Debug|iPhone.Build.0 = Debug|Any CPU
		{061162DE-A80F-470B-A34A-FFFE67C9AD01}.Debug|iPhoneSimulator.ActiveCfg = Debug|Any CPU
		{061162DE-A80F-470B-A34A-FFFE67C9AD01}.Debug|iPhoneSimulator.Build.0 = Debug|Any CPU
		{061162DE-A80F-470B-A34A-FFFE67C9AD01}.Debug|x64.ActiveCfg = Debug|Any CPU
		{061162DE-A80F-470B-A34A-FFFE67C9AD01}.Debug|x64.Build.0 = Debug|Any CPU
		{061162DE-A80F-470B-A34A-FFFE67C9AD01}.Debug|x86.ActiveCfg = Debug|Any CPU
		{061162DE-A80F-470B-A34A-FFFE67C9AD01}.Debug|x86.Build.0 = Debug|Any CPU
		{061162DE-A80F-470B-A34A-FFFE67C9AD01}.Release|Any CPU.ActiveCfg = Release|Any CPU
		{061162DE-A80F-470B-A34A-FFFE67C9AD01}.Release|Any CPU.Build.0 = Release|Any CPU
		{061162DE-A80F-470B-A34A-FFFE67C9AD01}.Release|ARM.ActiveCfg = Release|Any CPU
		{061162DE-A80F-470B-A34A-FFFE67C9AD01}.Release|ARM.Build.0 = Release|Any CPU
		{061162DE-A80F-470B-A34A-FFFE67C9AD01}.Release|iPhone.ActiveCfg = Release|Any CPU
		{061162DE-A80F-470B-A34A-FFFE67C9AD01}.Release|iPhone.Build.0 = Release|Any CPU
		{061162DE-A80F-470B-A34A-FFFE67C9AD01}.Release|iPhoneSimulator.ActiveCfg = Release|Any CPU
		{061162DE-A80F-470B-A34A-FFFE67C9AD01}.Release|iPhoneSimulator.Build.0 = Release|Any CPU
		{061162DE-A80F-470B-A34A-FFFE67C9AD01}.Release|x64.ActiveCfg = Release|Any CPU
		{061162DE-A80F-470B-A34A-FFFE67C9AD01}.Release|x64.Build.0 = Release|Any CPU
		{061162DE-A80F-470B-A34A-FFFE67C9AD01}.Release|x86.ActiveCfg = Release|Any CPU
		{061162DE-A80F-470B-A34A-FFFE67C9AD01}.Release|x86.Build.0 = Release|Any CPU
	EndGlobalSection
	GlobalSection(SolutionProperties) = preSolution
		HideSolutionNode = FALSE
	EndGlobalSection
	GlobalSection(ExtensibilityGlobals) = postSolution
		SolutionGuid = {8C88D327-04FD-492C-82E0-CE4D2639219A}
	EndGlobalSection
EndGlobal
